Microsoft Visual Studio Solution File, Format Version 12.00
# Visual Studio Version 17
VisualStudioVersion = 17.5.2.0
MinimumVisualStudioVersion = 10.0.40219.1
Project("{FAE04EC0-301F-11D3-BF4B-00C04F79EFBC}") = "check_encryption", "check_encryption.csproj", "{739FBEE8-9231-9D18-2978-100567914D0B}"
EndProject
Global
	GlobalSection(SolutionConfigurationPlatforms) = preSolution
		Debug|Any CPU = Debug|Any CPU
		Release|Any CPU = Release|Any CPU
	EndGlobalSection
	GlobalSection(ProjectConfigurationPlatforms) = postSolution
		{739FBEE8-9231-9D18-2978-100567914D0B}.Debug|Any CPU.ActiveCfg = Debug|Any CPU
		{739FBEE8-9231-9D18-2978-100567914D0B}.Debug|Any CPU.Build.0 = Debug|Any CPU
		{739FBEE8-9231-9D18-2978-100567914D0B}.Release|Any CPU.ActiveCfg = Release|Any CPU
		{739FBEE8-9231-9D18-2978-100567914D0B}.Release|Any CPU.Build.0 = Release|Any CPU
	EndGlobalSection
	GlobalSection(SolutionProperties) = preSolution
		HideSolutionNode = FALSE
	EndGlobalSection
	GlobalSection(ExtensibilityGlobals) = postSolution
		SolutionGuid = {D0C170AF-130B-415D-8A90-381BBFE4E667}
	EndGlobalSection
EndGlobal
